
Microsoft Visual Studio Solution File, Format Version 12.00
# Visual Studio 15
VisualStudioVersion = 15.0.27703.2047
MinimumVisualStudioVersion = 10.0.40219.1
Project("{FAE04EC0-301F-11D3-BF4B-00C04F79EFBC}") = "Luciano.Moreno.2A.FINAL", "final.apellido.nombre\Luciano.Moreno.2A.FINAL.csproj", "{7683FD8A-7191-47E3-8FE9-8D06403C1A80}"
EndProject
Project("{FAE04EC0-301F-11D3-BF4B-00C04F79EFBC}") = "Entidades", "Entidades\Entidades.csproj", "{DE8C38A6-6AE2-4E59-BFE3-8D1C5D7787B0}"
EndProject
Project("{FAE04EC0-301F-11D3-BF4B-00C04F79EFBC}") = "Testing", "Testing\Testing.csproj", "{1A5CBB8D-14AA-4656-A4CE-F435285024DD}"
EndProject
Global
	GlobalSection(SolutionConfigurationPlatforms) = preSolution
		Debug|Any CPU = Debug|Any CPU
		Release|Any CPU = Release|Any CPU
	EndGlobalSection
	GlobalSection(ProjectConfigurationPlatforms) = postSolution
		{7683FD8A-7191-47E3-8FE9-8D06403C1A80}.Debug|Any CPU.ActiveCfg = Debug|Any CPU
		{7683FD8A-7191-47E3-8FE9-8D06403C1A80}.Debug|Any CPU.Build.0 = Debug|Any CPU
		{7683FD8A-7191-47E3-8FE9-8D06403C1A80}.Release|Any CPU.ActiveCfg = Release|Any CPU
		{7683FD8A-7191-47E3-8FE9-8D06403C1A80}.Release|Any CPU.Build.0 = Release|Any CPU
		{DE8C38A6-6AE2-4E59-BFE3-8D1C5D7787B0}.Debug|Any CPU.ActiveCfg = Debug|Any CPU
		{DE8C38A6-6AE2-4E59-BFE3-8D1C5D7787B0}.Debug|Any CPU.Build.0 = Debug|Any CPU
		{DE8C38A6-6AE2-4E59-BFE3-8D1C5D7787B0}.Release|Any CPU.ActiveCfg = Release|Any CPU
		{DE8C38A6-6AE2-4E59-BFE3-8D1C5D7787B0}.Release|Any CPU.Build.0 = Release|Any CPU
		{1A5CBB8D-14AA-4656-A4CE-F435285024DD}.Debug|Any CPU.ActiveCfg = Debug|Any CPU
		{1A5CBB8D-14AA-4656-A4CE-F435285024DD}.Debug|Any CPU.Build.0 = Debug|Any CPU
		{1A5CBB8D-14AA-4656-A4CE-F435285024DD}.Release|Any CPU.ActiveCfg = Release|Any CPU
		{1A5CBB8D-14AA-4656-A4CE-F435285024DD}.Release|Any CPU.Build.0 = Release|Any CPU
	EndGlobalSection
	GlobalSection(SolutionProperties) = preSolution
		HideSolutionNode = FALSE
	EndGlobalSection
	GlobalSection(ExtensibilityGlobals) = postSolution
		SolutionGuid = {5263B16E-7C58-4DE3-96C4-A930173E084D}
	EndGlobalSection
EndGlobal
