
Microsoft Visual Studio Solution File, Format Version 12.00
# Visual Studio Version 16
VisualStudioVersion = 16.0.32413.511
MinimumVisualStudioVersion = 10.0.40219.1
Project("{FAE04EC0-301F-11D3-BF4B-00C04F79EFBC}") = "Entidades", "Entidades\Entidades.csproj", "{D9190825-2EC7-4C53-BFCA-19DA0FF76A7B}"
EndProject
Project("{FAE04EC0-301F-11D3-BF4B-00C04F79EFBC}") = "Main", "Main\Main.csproj", "{4C765F6F-A456-4FDA-861E-B5332BD289B9}"
EndProject
Project("{FAE04EC0-301F-11D3-BF4B-00C04F79EFBC}") = "Tests", "Tests\Tests.csproj", "{A117BB5C-6BEA-48D0-AE51-813D4EAB6296}"
EndProject
Global
	GlobalSection(SolutionConfigurationPlatforms) = preSolution
		Debug|Any CPU = Debug|Any CPU
		Release|Any CPU = Release|Any CPU
	EndGlobalSection
	GlobalSection(ProjectConfigurationPlatforms) = postSolution
		{D9190825-2EC7-4C53-BFCA-19DA0FF76A7B}.Debug|Any CPU.ActiveCfg = Debug|Any CPU
		{D9190825-2EC7-4C53-BFCA-19DA0FF76A7B}.Debug|Any CPU.Build.0 = Debug|Any CPU
		{D9190825-2EC7-4C53-BFCA-19DA0FF76A7B}.Release|Any CPU.ActiveCfg = Release|Any CPU
		{D9190825-2EC7-4C53-BFCA-19DA0FF76A7B}.Release|Any CPU.Build.0 = Release|Any CPU
		{4C765F6F-A456-4FDA-861E-B5332BD289B9}.Debug|Any CPU.ActiveCfg = Debug|Any CPU
		{4C765F6F-A456-4FDA-861E-B5332BD289B9}.Debug|Any CPU.Build.0 = Debug|Any CPU
		{4C765F6F-A456-4FDA-861E-B5332BD289B9}.Release|Any CPU.ActiveCfg = Release|Any CPU
		{4C765F6F-A456-4FDA-861E-B5332BD289B9}.Release|Any CPU.Build.0 = Release|Any CPU
		{A117BB5C-6BEA-48D0-AE51-813D4EAB6296}.Debug|Any CPU.ActiveCfg = Debug|Any CPU
		{A117BB5C-6BEA-48D0-AE51-813D4EAB6296}.Debug|Any CPU.Build.0 = Debug|Any CPU
		{A117BB5C-6BEA-48D0-AE51-813D4EAB6296}.Release|Any CPU.ActiveCfg = Release|Any CPU
		{A117BB5C-6BEA-48D0-AE51-813D4EAB6296}.Release|Any CPU.Build.0 = Release|Any CPU
	EndGlobalSection
	GlobalSection(SolutionProperties) = preSolution
		HideSolutionNode = FALSE
	EndGlobalSection
	GlobalSection(ExtensibilityGlobals) = postSolution
		SolutionGuid = {F22EA6C9-1B8B-4960-B6AD-8F0987C1EADD}
	EndGlobalSection
EndGlobal
